// !$*UTF8*$!
{
	archiveVersion = 1;
	classes = {
	};
	objectVersion = 56;
	objects = {

/* Begin PBXBuildFile section */
		011111111111111111111111 /* GoodFriendsApp.swift in Sources */ = {isa = PBXBuildFile; fileRef = 011111111111111111111101 /* GoodFriendsApp.swift */; };
		011111111111111111111112 /* ContentView.swift in Sources */ = {isa = PBXBuildFile; fileRef = 011111111111111111111102 /* ContentView.swift */; };
		011111111111111111111113 /* Models.swift in Sources */ = {isa = PBXBuildFile; fileRef = 011111111111111111111103 /* Models.swift */; };
		011111111111111111111114 /* FriendFormView.swift in Sources */ = {isa = PBXBuildFile; fileRef = 011111111111111111111104 /* FriendFormView.swift */; };
		011111111111111111111115 /* FriendDetailView.swift in Sources */ = {isa = PBXBuildFile; fileRef = 011111111111111111111105 /* FriendDetailView.swift */; };
		011111111111111111111116 /* NotificationScheduler.swift in Sources */ = {isa = PBXBuildFile; fileRef = 011111111111111111111106 /* NotificationScheduler.swift */; };
		011111111111111111111117 /* SampleData.swift in Sources */ = {isa = PBXBuildFile; fileRef = 011111111111111111111107 /* SampleData.swift */; };
		011111111111111111111118 /* Assets.xcassets in Resources */ = {isa = PBXBuildFile; fileRef = 011111111111111111111108 /* Assets.xcassets */; };
		011111111111111111111119 /* FriendDataStore.swift in Sources */ = {isa = PBXBuildFile; fileRef = 011111111111111111111109 /* FriendDataStore.swift */; };
		011111111111111111111120 /* FriendCheckInPrioritizer.swift in Sources */ = {isa = PBXBuildFile; fileRef = 011111111111111111111110 /* FriendCheckInPrioritizer.swift */; };
		022222222222222222222111 /* FriendDeletionTests.swift in Sources */ = {isa = PBXBuildFile; fileRef = 022222222222222222222101 /* FriendDeletionTests.swift */; };
		022222222222222222222112 /* FriendCheckInPrioritizerTests.swift in Sources */ = {isa = PBXBuildFile; fileRef = 022222222222222222222102 /* FriendCheckInPrioritizerTests.swift */; };
/* End PBXBuildFile section */

/* Begin PBXFileReference section */
		011111111111111111111001 /* GoodFriends.app */ = {isa = PBXFileReference; explicitFileType = wrapper.application; includeInIndex = 0; path = GoodFriends.app; sourceTree = BUILT_PRODUCTS_DIR; };
		011111111111111111111101 /* GoodFriendsApp.swift */ = {isa = PBXFileReference; lastKnownFileType = sourcecode.swift; path = GoodFriendsApp.swift; sourceTree = "<group>"; };
		011111111111111111111102 /* ContentView.swift */ = {isa = PBXFileReference; lastKnownFileType = sourcecode.swift; path = ContentView.swift; sourceTree = "<group>"; };
		011111111111111111111103 /* Models.swift */ = {isa = PBXFileReference; lastKnownFileType = sourcecode.swift; path = Models.swift; sourceTree = "<group>"; };
		011111111111111111111104 /* FriendFormView.swift */ = {isa = PBXFileReference; lastKnownFileType = sourcecode.swift; path = FriendFormView.swift; sourceTree = "<group>"; };
		011111111111111111111105 /* FriendDetailView.swift */ = {isa = PBXFileReference; lastKnownFileType = sourcecode.swift; path = FriendDetailView.swift; sourceTree = "<group>"; };
		011111111111111111111106 /* NotificationScheduler.swift */ = {isa = PBXFileReference; lastKnownFileType = sourcecode.swift; path = NotificationScheduler.swift; sourceTree = "<group>"; };
		011111111111111111111107 /* SampleData.swift */ = {isa = PBXFileReference; lastKnownFileType = sourcecode.swift; path = SampleData.swift; sourceTree = "<group>"; };
		011111111111111111111108 /* Assets.xcassets */ = {isa = PBXFileReference; lastKnownFileType = folder.assetcatalog; path = Assets.xcassets; sourceTree = "<group>"; };
		011111111111111111111109 /* FriendDataStore.swift */ = {isa = PBXFileReference; lastKnownFileType = sourcecode.swift; path = FriendDataStore.swift; sourceTree = "<group>"; };
		011111111111111111111110 /* FriendCheckInPrioritizer.swift */ = {isa = PBXFileReference; lastKnownFileType = sourcecode.swift; path = FriendCheckInPrioritizer.swift; sourceTree = "<group>"; };
		022222222222222222222001 /* GoodFriendsTests.xctest */ = {isa = PBXFileReference; explicitFileType = wrapper.cfbundle; includeInIndex = 0; path = GoodFriendsTests.xctest; sourceTree = BUILT_PRODUCTS_DIR; };
		022222222222222222222101 /* FriendDeletionTests.swift */ = {isa = PBXFileReference; lastKnownFileType = sourcecode.swift; path = FriendDeletionTests.swift; sourceTree = "<group>"; };
		022222222222222222222102 /* FriendCheckInPrioritizerTests.swift */ = {isa = PBXFileReference; lastKnownFileType = sourcecode.swift; path = FriendCheckInPrioritizerTests.swift; sourceTree = "<group>"; };
/* End PBXFileReference section */

/* Begin PBXContainerItemProxy section */
		022222222222222222222602 /* PBXContainerItemProxy */ = {
			isa = PBXContainerItemProxy;
			containerPortal = 011111111111111111111601 /* Project object */;
			proxyType = 1;
			remoteGlobalIDString = 011111111111111111111401;
			remoteInfo = GoodFriends;
		};
/* End PBXContainerItemProxy section */

/* Begin PBXFrameworksBuildPhase section */
		011111111111111111111201 /* Frameworks */ = {
			isa = PBXFrameworksBuildPhase;
			buildActionMask = 2147483647;
			files = (
			);
			runOnlyForDeploymentPostprocessing = 0;
		};
		022222222222222222222201 /* Frameworks */ = {
			isa = PBXFrameworksBuildPhase;
			buildActionMask = 2147483647;
			files = (
			);
			runOnlyForDeploymentPostprocessing = 0;
		};
/* End PBXFrameworksBuildPhase section */

/* Begin PBXGroup section */
		011111111111111111111301 = {
			isa = PBXGroup;
			children = (
				011111111111111111111302 /* GoodFriends */,
				022222222222222222222302 /* GoodFriendsTests */,
				011111111111111111111303 /* Products */,
			);
			sourceTree = "<group>";
		};
		011111111111111111111302 /* GoodFriends */ = {
			isa = PBXGroup;
			children = (
				011111111111111111111101 /* GoodFriendsApp.swift */,
				011111111111111111111102 /* ContentView.swift */,
				011111111111111111111103 /* Models.swift */,
				011111111111111111111104 /* FriendFormView.swift */,
				011111111111111111111105 /* FriendDetailView.swift */,
				011111111111111111111106 /* NotificationScheduler.swift */,
				011111111111111111111107 /* SampleData.swift */,
				011111111111111111111109 /* FriendDataStore.swift */,
				011111111111111111111110 /* FriendCheckInPrioritizer.swift */,
				011111111111111111111108 /* Assets.xcassets */,
			);
			path = GoodFriends;
			sourceTree = "<group>";
		};
		011111111111111111111303 /* Products */ = {
			isa = PBXGroup;
			children = (
				011111111111111111111001 /* GoodFriends.app */,
				022222222222222222222001 /* GoodFriendsTests.xctest */,
			);
			name = Products;
			sourceTree = "<group>";
		};
		022222222222222222222302 /* GoodFriendsTests */ = {
			isa = PBXGroup;
			children = (
				022222222222222222222101 /* FriendDeletionTests.swift */,
				022222222222222222222102 /* FriendCheckInPrioritizerTests.swift */,
			);
			path = GoodFriendsTests;
			sourceTree = "<group>";
		};
/* End PBXGroup section */

/* Begin PBXNativeTarget section */
		011111111111111111111401 /* GoodFriends */ = {
			isa = PBXNativeTarget;
			buildConfigurationList = 011111111111111111111701 /* Build configuration list for PBXNativeTarget "GoodFriends" */;
			buildPhases = (
				011111111111111111111501 /* Sources */,
				011111111111111111111201 /* Frameworks */,
				011111111111111111111502 /* Resources */,
			);
			buildRules = (
			);
			dependencies = (
			);
			name = GoodFriends;
			productName = GoodFriends;
			productReference = 011111111111111111111001 /* GoodFriends.app */;
			productType = "com.apple.product-type.application";
		};
		022222222222222222222401 /* GoodFriendsTests */ = {
			isa = PBXNativeTarget;
			buildConfigurationList = 022222222222222222222701 /* Build configuration list for PBXNativeTarget "GoodFriendsTests" */;
			buildPhases = (
				022222222222222222222501 /* Sources */,
				022222222222222222222201 /* Frameworks */,
				022222222222222222222502 /* Resources */,
			);
			buildRules = (
			);
			dependencies = (
				022222222222222222222601 /* PBXTargetDependency */,
			);
			name = GoodFriendsTests;
			productName = GoodFriendsTests;
			productReference = 022222222222222222222001 /* GoodFriendsTests.xctest */;
			productType = "com.apple.product-type.bundle.unit-test";
		};
/* End PBXNativeTarget section */

/* Begin PBXProject section */
		011111111111111111111601 /* Project object */ = {
			isa = PBXProject;
			attributes = {
				BuildIndependentTargetsInParallel = 1;
				LastSwiftUpdateCheck = 2630;
				LastUpgradeCheck = 2630;
				TargetAttributes = {
					011111111111111111111401 = {
						CreatedOnToolsVersion = 26.3;
					};
					022222222222222222222401 = {
						CreatedOnToolsVersion = 26.3;
						TestTargetID = 011111111111111111111401;
					};
				};
			};
			buildConfigurationList = 011111111111111111111702 /* Build configuration list for PBXProject "GoodFriends" */;
			compatibilityVersion = "Xcode 14.0";
			developmentRegion = en;
			hasScannedForEncodings = 0;
			knownRegions = (
				en,
				Base,
			);
			mainGroup = 011111111111111111111301;
			productRefGroup = 011111111111111111111303 /* Products */;
			projectDirPath = "";
			projectRoot = "";
			targets = (
				011111111111111111111401 /* GoodFriends */,
				022222222222222222222401 /* GoodFriendsTests */,
			);
		};
/* End PBXProject section */

/* Begin PBXResourcesBuildPhase section */
		011111111111111111111502 /* Resources */ = {
			isa = PBXResourcesBuildPhase;
			buildActionMask = 2147483647;
			files = (
				011111111111111111111118 /* Assets.xcassets in Resources */,
			);
			runOnlyForDeploymentPostprocessing = 0;
		};
		022222222222222222222502 /* Resources */ = {
			isa = PBXResourcesBuildPhase;
			buildActionMask = 2147483647;
			files = (
			);
			runOnlyForDeploymentPostprocessing = 0;
		};
/* End PBXResourcesBuildPhase section */

/* Begin PBXSourcesBuildPhase section */
		011111111111111111111501 /* Sources */ = {
			isa = PBXSourcesBuildPhase;
			buildActionMask = 2147483647;
			files = (
				011111111111111111111111 /* GoodFriendsApp.swift in Sources */,
				011111111111111111111112 /* ContentView.swift in Sources */,
				011111111111111111111113 /* Models.swift in Sources */,
				011111111111111111111114 /* FriendFormView.swift in Sources */,
				011111111111111111111115 /* FriendDetailView.swift in Sources */,
				011111111111111111111116 /* NotificationScheduler.swift in Sources */,
				011111111111111111111117 /* SampleData.swift in Sources */,
				011111111111111111111119 /* FriendDataStore.swift in Sources */,
				011111111111111111111120 /* FriendCheckInPrioritizer.swift in Sources */,
			);
			runOnlyForDeploymentPostprocessing = 0;
		};
		022222222222222222222501 /* Sources */ = {
			isa = PBXSourcesBuildPhase;
			buildActionMask = 2147483647;
			files = (
				022222222222222222222111 /* FriendDeletionTests.swift in Sources */,
				022222222222222222222112 /* FriendCheckInPrioritizerTests.swift in Sources */,
			);
			runOnlyForDeploymentPostprocessing = 0;
		};
/* End PBXSourcesBuildPhase section */

/* Begin PBXTargetDependency section */
		022222222222222222222601 /* PBXTargetDependency */ = {
			isa = PBXTargetDependency;
			target = 011111111111111111111401 /* GoodFriends */;
			targetProxy = 022222222222222222222602 /* PBXContainerItemProxy */;
		};
/* End PBXTargetDependency section */

/* Begin XCBuildConfiguration section */
		011111111111111111111801 /* Debug */ = {
			isa = XCBuildConfiguration;
			buildSettings = {
				ALWAYS_SEARCH_USER_PATHS = NO;
				CLANG_ANALYZER_NONNULL = YES;
				CLANG_ANALYZER_NUMBER_OBJECT_CONVERSION = YES_AGGRESSIVE;
				CLANG_CXX_LANGUAGE_STANDARD = "gnu++20";
				CLANG_ENABLE_MODULES = YES;
				CLANG_ENABLE_OBJC_ARC = YES;
				CLANG_ENABLE_OBJC_WEAK = YES;
				CLANG_WARN_BLOCK_CAPTURE_AUTORELEASING = YES;
				CLANG_WARN_BOOL_CONVERSION = YES;
				CLANG_WARN_COMMA = YES;
				CLANG_WARN_CONSTANT_CONVERSION = YES;
				CLANG_WARN_DEPRECATED_OBJC_IMPLEMENTATIONS = YES;
				CLANG_WARN_DIRECT_OBJC_ISA_USAGE = YES_ERROR;
				CLANG_WARN_DOCUMENTATION_COMMENTS = YES;
				CLANG_WARN_EMPTY_BODY = YES;
				CLANG_WARN_ENUM_CONVERSION = YES;
				CLANG_WARN_INFINITE_RECURSION = YES;
				CLANG_WARN_INT_CONVERSION = YES;
				CLANG_WARN_NON_LITERAL_NULL_CONVERSION = YES;
				CLANG_WARN_OBJC_IMPLICIT_RETAIN_SELF = YES;
				CLANG_WARN_OBJC_LITERAL_CONVERSION = YES;
				CLANG_WARN_OBJC_ROOT_CLASS = YES_ERROR;
				CLANG_WARN_QUOTED_INCLUDE_IN_FRAMEWORK_HEADER = YES;
				CLANG_WARN_RANGE_LOOP_ANALYSIS = YES;
				CLANG_WARN_STRICT_PROTOTYPES = YES;
				CLANG_WARN_SUSPICIOUS_MOVE = YES;
				CLANG_WARN_UNGUARDED_AVAILABILITY = YES_AGGRESSIVE;
				CLANG_WARN_UNREACHABLE_CODE = YES;
				CLANG_WARN__DUPLICATE_METHOD_MATCH = YES;
				COPY_PHASE_STRIP = NO;
				DEBUG_INFORMATION_FORMAT = dwarf;
				ENABLE_STRICT_OBJC_MSGSEND = YES;
				ENABLE_TESTABILITY = YES;
				ENABLE_USER_SCRIPT_SANDBOXING = YES;
				GCC_C_LANGUAGE_STANDARD = gnu17;
				GCC_DYNAMIC_NO_PIC = NO;
				GCC_NO_COMMON_BLOCKS = YES;
				GCC_OPTIMIZATION_LEVEL = 0;
				GCC_PREPROCESSOR_DEFINITIONS = (
					"DEBUG=1",
					"$(inherited)",
				);
				GCC_WARN_64_TO_32_BIT_CONVERSION = YES;
				GCC_WARN_ABOUT_RETURN_TYPE = YES_ERROR;
				GCC_WARN_UNDECLARED_SELECTOR = YES;
				GCC_WARN_UNINITIALIZED_AUTOS = YES_AGGRESSIVE;
				GCC_WARN_UNUSED_FUNCTION = YES;
				GCC_WARN_UNUSED_VARIABLE = YES;
				IPHONEOS_DEPLOYMENT_TARGET = 17.0;
				MTL_ENABLE_DEBUG_INFO = INCLUDE_SOURCE;
				MTL_FAST_MATH = YES;
				ONLY_ACTIVE_ARCH = YES;
				SDKROOT = iphoneos;
				SWIFT_ACTIVE_COMPILATION_CONDITIONS = DEBUG;
				SWIFT_OPTIMIZATION_LEVEL = "-Onone";
			};
			name = Debug;
		};
		011111111111111111111802 /* Release */ = {
			isa = XCBuildConfiguration;
			buildSettings = {
				ALWAYS_SEARCH_USER_PATHS = NO;
				CLANG_ANALYZER_NONNULL = YES;
				CLANG_ANALYZER_NUMBER_OBJECT_CONVERSION = YES_AGGRESSIVE;
				CLANG_CXX_LANGUAGE_STANDARD = "gnu++20";
				CLANG_ENABLE_MODULES = YES;
				CLANG_ENABLE_OBJC_ARC = YES;
				CLANG_ENABLE_OBJC_WEAK = YES;
				CLANG_WARN_BLOCK_CAPTURE_AUTORELEASING = YES;
				CLANG_WARN_BOOL_CONVERSION = YES;
				CLANG_WARN_COMMA = YES;
				CLANG_WARN_CONSTANT_CONVERSION = YES;
				CLANG_WARN_DEPRECATED_OBJC_IMPLEMENTATIONS = YES;
				CLANG_WARN_DIRECT_OBJC_ISA_USAGE = YES_ERROR;
				CLANG_WARN_DOCUMENTATION_COMMENTS = YES;
				CLANG_WARN_EMPTY_BODY = YES;
				CLANG_WARN_ENUM_CONVERSION = YES;
				CLANG_WARN_INFINITE_RECURSION = YES;
				CLANG_WARN_INT_CONVERSION = YES;
				CLANG_WARN_NON_LITERAL_NULL_CONVERSION = YES_AGGRESSIVE;
				CLANG_WARN_OBJC_IMPLICIT_RETAIN_SELF = YES;
				CLANG_WARN_OBJC_LITERAL_CONVERSION = YES;
				CLANG_WARN_OBJC_ROOT_CLASS = YES_ERROR;
				CLANG_WARN_QUOTED_INCLUDE_IN_FRAMEWORK_HEADER = YES;
				CLANG_WARN_RANGE_LOOP_ANALYSIS = YES;
				CLANG_WARN_STRICT_PROTOTYPES = YES;
				CLANG_WARN_SUSPICIOUS_MOVE = YES;
				CLANG_WARN_UNGUARDED_AVAILABILITY = YES_AGGRESSIVE;
				CLANG_WARN_UNREACHABLE_CODE = YES;
				CLANG_WARN__DUPLICATE_METHOD_MATCH = YES;
				COPY_PHASE_STRIP = NO;
				DEBUG_INFORMATION_FORMAT = "dwarf-with-dsym";
				ENABLE_NS_ASSERTIONS = NO;
				ENABLE_STRICT_OBJC_MSGSEND = YES;
				ENABLE_USER_SCRIPT_SANDBOXING = YES;
				GCC_C_LANGUAGE_STANDARD = gnu17;
				GCC_NO_COMMON_BLOCKS = YES;
				GCC_WARN_64_TO_32_BIT_CONVERSION = YES;
				GCC_WARN_ABOUT_RETURN_TYPE = YES_ERROR;
				GCC_WARN_UNDECLARED_SELECTOR = YES;
				GCC_WARN_UNINITIALIZED_AUTOS = YES_AGGRESSIVE;
				GCC_WARN_UNUSED_FUNCTION = YES;
				GCC_WARN_UNUSED_VARIABLE = YES;
				IPHONEOS_DEPLOYMENT_TARGET = 17.0;
				MTL_ENABLE_DEBUG_INFO = NO;
				MTL_FAST_MATH = YES;
				SDKROOT = iphoneos;
				SWIFT_COMPILATION_MODE = wholemodule;
				VALIDATE_PRODUCT = YES;
			};
			name = Release;
		};
		011111111111111111111803 /* Debug */ = {
			isa = XCBuildConfiguration;
			buildSettings = {
				ASSETCATALOG_COMPILER_APPICON_NAME = AppIcon;
				CODE_SIGN_STYLE = Automatic;
				CURRENT_PROJECT_VERSION = 1;
				DEVELOPMENT_ASSET_PATHS = "";
				DEVELOPMENT_TEAM = QL5H3RQ59K;
				GENERATE_INFOPLIST_FILE = YES;
				INFOPLIST_KEY_CFBundleDisplayName = "good friends";
				INFOPLIST_KEY_UIApplicationSceneManifest_Generation = YES;
				INFOPLIST_KEY_UIApplicationSupportsIndirectInputEvents = YES;
				INFOPLIST_KEY_UILaunchScreen_Generation = YES;
				INFOPLIST_KEY_UIRequiredDeviceCapabilities = arm64;
				INFOPLIST_KEY_UISupportedInterfaceOrientations = "UIInterfaceOrientationPortrait UIInterfaceOrientationLandscapeLeft UIInterfaceOrientationLandscapeRight";
				INFOPLIST_KEY_UISupportedInterfaceOrientations_iPad = "UIInterfaceOrientationPortrait UIInterfaceOrientationPortraitUpsideDown UIInterfaceOrientationLandscapeLeft UIInterfaceOrientationLandscapeRight";
				IPHONEOS_DEPLOYMENT_TARGET = 17.0;
				LD_RUNPATH_SEARCH_PATHS = (
					"$(inherited)",
					"@executable_path/Frameworks",
				);
				MARKETING_VERSION = 1.0;
				PRODUCT_BUNDLE_IDENTIFIER = com.example.GoodFriends;
				PRODUCT_NAME = "$(TARGET_NAME)";
				SUPPORTED_PLATFORMS = "iphoneos iphonesimulator";
				SUPPORTS_MACCATALYST = NO;
				SWIFT_EMIT_LOC_STRINGS = YES;
				SWIFT_VERSION = 5.0;
				TARGETED_DEVICE_FAMILY = "1,2";
			};
			name = Debug;
		};
		011111111111111111111804 /* Release */ = {
			isa = XCBuildConfiguration;
			buildSettings = {
				ASSETCATALOG_COMPILER_APPICON_NAME = AppIcon;
				CODE_SIGN_STYLE = Automatic;
				CURRENT_PROJECT_VERSION = 1;
				DEVELOPMENT_ASSET_PATHS = "";
				DEVELOPMENT_TEAM = QL5H3RQ59K;
				GENERATE_INFOPLIST_FILE = YES;
				INFOPLIST_KEY_CFBundleDisplayName = "good friends";
				INFOPLIST_KEY_UIApplicationSceneManifest_Generation = YES;
				INFOPLIST_KEY_UIApplicationSupportsIndirectInputEvents = YES;
				INFOPLIST_KEY_UILaunchScreen_Generation = YES;
				INFOPLIST_KEY_UIRequiredDeviceCapabilities = arm64;
				INFOPLIST_KEY_UISupportedInterfaceOrientations = "UIInterfaceOrientationPortrait UIInterfaceOrientationLandscapeLeft UIInterfaceOrientationLandscapeRight";
				INFOPLIST_KEY_UISupportedInterfaceOrientations_iPad = "UIInterfaceOrientationPortrait UIInterfaceOrientationPortraitUpsideDown UIInterfaceOrientationLandscapeLeft UIInterfaceOrientationLandscapeRight";
				IPHONEOS_DEPLOYMENT_TARGET = 17.0;
				LD_RUNPATH_SEARCH_PATHS = (
					"$(inherited)",
					"@executable_path/Frameworks",
				);
				MARKETING_VERSION = 1.0;
				PRODUCT_BUNDLE_IDENTIFIER = com.example.GoodFriends;
				PRODUCT_NAME = "$(TARGET_NAME)";
				SUPPORTED_PLATFORMS = "iphoneos iphonesimulator";
				SUPPORTS_MACCATALYST = NO;
				SWIFT_EMIT_LOC_STRINGS = YES;
				SWIFT_VERSION = 5.0;
				TARGETED_DEVICE_FAMILY = "1,2";
			};
			name = Release;
		};
		022222222222222222222803 /* Debug */ = {
			isa = XCBuildConfiguration;
			buildSettings = {
				ALWAYS_EMBED_SWIFT_STANDARD_LIBRARIES = YES;
				BUNDLE_LOADER = "$(TEST_HOST)";
				CODE_SIGN_STYLE = Automatic;
				CURRENT_PROJECT_VERSION = 1;
				DEVELOPMENT_TEAM = QL5H3RQ59K;
				GENERATE_INFOPLIST_FILE = YES;
				IPHONEOS_DEPLOYMENT_TARGET = 17.0;
				LD_RUNPATH_SEARCH_PATHS = (
					"$(inherited)",
					"@executable_path/Frameworks",
					"@loader_path/Frameworks",
				);
				MARKETING_VERSION = 1.0;
				PRODUCT_BUNDLE_IDENTIFIER = com.example.GoodFriendsTests;
				PRODUCT_NAME = "$(TARGET_NAME)";
				SUPPORTED_PLATFORMS = "iphoneos iphonesimulator";
				SWIFT_EMIT_LOC_STRINGS = NO;
				SWIFT_VERSION = 5.0;
				TARGETED_DEVICE_FAMILY = "1,2";
				TEST_HOST = "$(BUILT_PRODUCTS_DIR)/GoodFriends.app/$(BUNDLE_EXECUTABLE_FOLDER_PATH)/GoodFriends";
			};
			name = Debug;
		};
		022222222222222222222804 /* Release */ = {
			isa = XCBuildConfiguration;
			buildSettings = {
				ALWAYS_EMBED_SWIFT_STANDARD_LIBRARIES = YES;
				BUNDLE_LOADER = "$(TEST_HOST)";
				CODE_SIGN_STYLE = Automatic;
				CURRENT_PROJECT_VERSION = 1;
				DEVELOPMENT_TEAM = QL5H3RQ59K;
				GENERATE_INFOPLIST_FILE = YES;
				IPHONEOS_DEPLOYMENT_TARGET = 17.0;
				LD_RUNPATH_SEARCH_PATHS = (
					"$(inherited)",
					"@executable_path/Frameworks",
					"@loader_path/Frameworks",
				);
				MARKETING_VERSION = 1.0;
				PRODUCT_BUNDLE_IDENTIFIER = com.example.GoodFriendsTests;
				PRODUCT_NAME = "$(TARGET_NAME)";
				SUPPORTED_PLATFORMS = "iphoneos iphonesimulator";
				SWIFT_EMIT_LOC_STRINGS = NO;
				SWIFT_VERSION = 5.0;
				TARGETED_DEVICE_FAMILY = "1,2";
				TEST_HOST = "$(BUILT_PRODUCTS_DIR)/GoodFriends.app/$(BUNDLE_EXECUTABLE_FOLDER_PATH)/GoodFriends";
			};
			name = Release;
		};
/* End XCBuildConfiguration section */

/* Begin XCConfigurationList section */
		011111111111111111111701 /* Build configuration list for PBXNativeTarget "GoodFriends" */ = {
			isa = XCConfigurationList;
			buildConfigurations = (
				011111111111111111111803 /* Debug */,
				011111111111111111111804 /* Release */,
			);
			defaultConfigurationIsVisible = 0;
			defaultConfigurationName = Release;
		};
		011111111111111111111702 /* Build configuration list for PBXProject "GoodFriends" */ = {
			isa = XCConfigurationList;
			buildConfigurations = (
				011111111111111111111801 /* Debug */,
				011111111111111111111802 /* Release */,
			);
			defaultConfigurationIsVisible = 0;
			defaultConfigurationName = Release;
		};
		022222222222222222222701 /* Build configuration list for PBXNativeTarget "GoodFriendsTests" */ = {
			isa = XCConfigurationList;
			buildConfigurations = (
				022222222222222222222803 /* Debug */,
				022222222222222222222804 /* Release */,
			);
			defaultConfigurationIsVisible = 0;
			defaultConfigurationName = Release;
		};
/* End XCConfigurationList section */
	};
	rootObject = 011111111111111111111601 /* Project object */;
}
